
Microsoft Visual Studio Solution File, Format Version 12.00
# Visual Studio Version 17
VisualStudioVersion = 17.7.34202.233
MinimumVisualStudioVersion = 10.0.40219.1
Project("{FAE04EC0-301F-11D3-BF4B-00C04F79EFBC}") = "ExpressVoitureApp", "ExpressVoitureApp.csproj", "{3198AD27-D63F-438C-BE99-50803060923B}"
EndProject
Global
	GlobalSection(SolutionConfigurationPlatforms) = preSolution
		Debug|Any CPU = Debug|Any CPU
		Release|Any CPU = Release|Any CPU
	EndGlobalSection
	GlobalSection(ProjectConfigurationPlatforms) = postSolution
		{3198AD27-D63F-438C-BE99-50803060923B}.Debug|Any CPU.ActiveCfg = Debug|Any CPU
		{3198AD27-D63F-438C-BE99-50803060923B}.Debug|Any CPU.Build.0 = Debug|Any CPU
		{3198AD27-D63F-438C-BE99-50803060923B}.Release|Any CPU.ActiveCfg = Release|Any CPU
		{3198AD27-D63F-438C-BE99-50803060923B}.Release|Any CPU.Build.0 = Release|Any CPU
	EndGlobalSection
	GlobalSection(SolutionProperties) = preSolution
		HideSolutionNode = FALSE
	EndGlobalSection
	GlobalSection(ExtensibilityGlobals) = postSolution
		SolutionGuid = {406CB2E4-7DC5-4BFA-B2FB-48ADD616C3AD}
	EndGlobalSection
EndGlobal
